
Microsoft Visual Studio Solution File, Format Version 12.00
# Visual Studio Version 17
VisualStudioVersion = 17.0.31903.59
MinimumVisualStudioVersion = 10.0.40219.1
Project("{9A19103F-16F7-4668-BE54-9A1E7A4F7556}") = "ExamTickets", "ExamTickets\ExamTickets.csproj", "{2FD88F0E-85B1-4852-A615-C9E65E13D47E}"
EndProject
Project("{9A19103F-16F7-4668-BE54-9A1E7A4F7556}") = "ExamTickets.Dal", "ExamTickets.Dal\ExamTickets.Dal.csproj", "{D9F4B479-67F9-4441-AA30-6841FE491ABD}"
EndProject
Project("{9A19103F-16F7-4668-BE54-9A1E7A4F7556}") = "ExamTickets.Domain", "ExamTickets.Domain\ExamTickets.Domain.csproj", "{F07817F2-A585-451A-9ECC-499D851706D8}"
EndProject
Project("{2150E333-8FDC-42A3-9474-1A3956D46DE8}") = "Tests", "Tests", "{27C84280-CDC2-4FE8-968C-27F9F1C59866}"
EndProject
Project("{FAE04EC0-301F-11D3-BF4B-00C04F79EFBC}") = "ExamTickets.Tests", "Tests\ExamTickets.Tests\ExamTickets.Tests.csproj", "{8DDC9634-A861-41F3-8754-B82B7B27D72D}"
EndProject
Global
	GlobalSection(SolutionConfigurationPlatforms) = preSolution
		Debug|Any CPU = Debug|Any CPU
		Release|Any CPU = Release|Any CPU
	EndGlobalSection
	GlobalSection(ProjectConfigurationPlatforms) = postSolution
		{2FD88F0E-85B1-4852-A615-C9E65E13D47E}.Debug|Any CPU.ActiveCfg = Debug|Any CPU
		{2FD88F0E-85B1-4852-A615-C9E65E13D47E}.Debug|Any CPU.Build.0 = Debug|Any CPU
		{2FD88F0E-85B1-4852-A615-C9E65E13D47E}.Release|Any CPU.ActiveCfg = Release|Any CPU
		{2FD88F0E-85B1-4852-A615-C9E65E13D47E}.Release|Any CPU.Build.0 = Release|Any CPU
		{D9F4B479-67F9-4441-AA30-6841FE491ABD}.Debug|Any CPU.ActiveCfg = Debug|Any CPU
		{D9F4B479-67F9-4441-AA30-6841FE491ABD}.Debug|Any CPU.Build.0 = Debug|Any CPU
		{D9F4B479-67F9-4441-AA30-6841FE491ABD}.Release|Any CPU.ActiveCfg = Release|Any CPU
		{D9F4B479-67F9-4441-AA30-6841FE491ABD}.Release|Any CPU.Build.0 = Release|Any CPU
		{F07817F2-A585-451A-9ECC-499D851706D8}.Debug|Any CPU.ActiveCfg = Debug|Any CPU
		{F07817F2-A585-451A-9ECC-499D851706D8}.Debug|Any CPU.Build.0 = Debug|Any CPU
		{F07817F2-A585-451A-9ECC-499D851706D8}.Release|Any CPU.ActiveCfg = Release|Any CPU
		{F07817F2-A585-451A-9ECC-499D851706D8}.Release|Any CPU.Build.0 = Release|Any CPU
		{8DDC9634-A861-41F3-8754-B82B7B27D72D}.Debug|Any CPU.ActiveCfg = Debug|Any CPU
		{8DDC9634-A861-41F3-8754-B82B7B27D72D}.Debug|Any CPU.Build.0 = Debug|Any CPU
		{8DDC9634-A861-41F3-8754-B82B7B27D72D}.Release|Any CPU.ActiveCfg = Release|Any CPU
		{8DDC9634-A861-41F3-8754-B82B7B27D72D}.Release|Any CPU.Build.0 = Release|Any CPU
	EndGlobalSection
	GlobalSection(SolutionProperties) = preSolution
		HideSolutionNode = FALSE
	EndGlobalSection
	GlobalSection(NestedProjects) = preSolution
		{8DDC9634-A861-41F3-8754-B82B7B27D72D} = {27C84280-CDC2-4FE8-968C-27F9F1C59866}
	EndGlobalSection
	GlobalSection(ExtensibilityGlobals) = postSolution
		SolutionGuid = {386F948A-E3FC-40F0-B858-AEDF964197F0}
	EndGlobalSection
EndGlobal
